
Microsoft Visual Studio Solution File, Format Version 12.00
# Visual Studio Version 16
VisualStudioVersion = 16.0.32002.261
MinimumVisualStudioVersion = 10.0.40219.1
Project("{FAE04EC0-301F-11D3-BF4B-00C04F79EFBC}") = "AppitoolsSpecflow", "AppitoolsSpecflow\AppitoolsSpecflow.csproj", "{37ADE2AB-23DD-43E6-B3AA-94968C1C862B}"
EndProject
Global
	GlobalSection(SolutionConfigurationPlatforms) = preSolution
		Debug|Any CPU = Debug|Any CPU
		Release|Any CPU = Release|Any CPU
	EndGlobalSection
	GlobalSection(ProjectConfigurationPlatforms) = postSolution
		{37ADE2AB-23DD-43E6-B3AA-94968C1C862B}.Debug|Any CPU.ActiveCfg = Debug|Any CPU
		{37ADE2AB-23DD-43E6-B3AA-94968C1C862B}.Debug|Any CPU.Build.0 = Debug|Any CPU
		{37ADE2AB-23DD-43E6-B3AA-94968C1C862B}.Release|Any CPU.ActiveCfg = Release|Any CPU
		{37ADE2AB-23DD-43E6-B3AA-94968C1C862B}.Release|Any CPU.Build.0 = Release|Any CPU
	EndGlobalSection
	GlobalSection(SolutionProperties) = preSolution
		HideSolutionNode = FALSE
	EndGlobalSection
	GlobalSection(ExtensibilityGlobals) = postSolution
		SolutionGuid = {02562561-8E09-4E95-8866-7DCFD3CF7ED6}
	EndGlobalSection
EndGlobal
